// !$*UTF8*$!
{
	archiveVersion = 1;
	classes = {
	};
	objectVersion = 45;
	objects = {

/* Begin PBXBuildFile section */
		1D3623260D0F684500981E51 /* sfinfoAppDelegate.m in Sources */ = {isa = PBXBuildFile; fileRef = 1D3623250D0F684500981E51 /* sfinfoAppDelegate.m */; };
		1D60589B0D05DD56006BFB54 /* main.m in Sources */ = {isa = PBXBuildFile; fileRef = 29B97316FDCFA39411CA2CEA /* main.m */; };
		1D60589F0D05DD5A006BFB54 /* Foundation.framework in Frameworks */ = {isa = PBXBuildFile; fileRef = 1D30AB110D05D00D00671497 /* Foundation.framework */; };
		1DF5F4E00D08C38300B7A737 /* UIKit.framework in Frameworks */ = {isa = PBXBuildFile; fileRef = 1DF5F4DF0D08C38300B7A737 /* UIKit.framework */; };
		288765A50DF7441C002DB57D /* CoreGraphics.framework in Frameworks */ = {isa = PBXBuildFile; fileRef = 288765A40DF7441C002DB57D /* CoreGraphics.framework */; };
		2899E5220DE3E06400AC0155 /* InfoMapViewController.xib in Resources */ = {isa = PBXBuildFile; fileRef = 2899E5210DE3E06400AC0155 /* InfoMapViewController.xib */; };
		28AD733F0D9D9553002E5188 /* MainWindow.xib in Resources */ = {isa = PBXBuildFile; fileRef = 28AD733E0D9D9553002E5188 /* MainWindow.xib */; };
		28D7ACF80DDB3853001CB0EB /* InfoMapViewController.m in Sources */ = {isa = PBXBuildFile; fileRef = 28D7ACF70DDB3853001CB0EB /* InfoMapViewController.m */; };
		C80601B0104E45FB006AA19D /* ARCoordinate.m in Sources */ = {isa = PBXBuildFile; fileRef = C80601A9104E45FB006AA19D /* ARCoordinate.m */; };
		C80601B1104E45FB006AA19D /* ARViewController.m in Sources */ = {isa = PBXBuildFile; fileRef = C80601AB104E45FB006AA19D /* ARViewController.m */; };
		C80601B2104E45FB006AA19D /* ARGeoCoordinate.m in Sources */ = {isa = PBXBuildFile; fileRef = C80601AD104E45FB006AA19D /* ARGeoCoordinate.m */; };
		C80601B3104E45FB006AA19D /* ARGeoViewController.m in Sources */ = {isa = PBXBuildFile; fileRef = C80601AF104E45FB006AA19D /* ARGeoViewController.m */; };
		C80601B6104E4609006AA19D /* AugmentedRealityViewController.m in Sources */ = {isa = PBXBuildFile; fileRef = C80601B5104E4609006AA19D /* AugmentedRealityViewController.m */; };
		C806022D104E4A43006AA19D /* AugmentedRealityViewController.xib in Resources */ = {isa = PBXBuildFile; fileRef = C806022C104E4A43006AA19D /* AugmentedRealityViewController.xib */; };
		C81FDA60107B060700CEDB9E /* ARCoordinateView.xib in Resources */ = {isa = PBXBuildFile; fileRef = C81FDA5F107B060700CEDB9E /* ARCoordinateView.xib */; };
		C81FDA6E107B0A1F00CEDB9E /* arbackground.png in Resources */ = {isa = PBXBuildFile; fileRef = C81FDA6D107B0A1F00CEDB9E /* arbackground.png */; };
		C81FDA83107B0BB800CEDB9E /* ARCoordinateView.m in Sources */ = {isa = PBXBuildFile; fileRef = C81FDA82107B0BB800CEDB9E /* ARCoordinateView.m */; };
		C83D1E0E104B20FC0048B36B /* MapKit.framework in Frameworks */ = {isa = PBXBuildFile; fileRef = C83D1E0D104B20FC0048B36B /* MapKit.framework */; };
		C83D1E86104B25490048B36B /* InfoLocation.m in Sources */ = {isa = PBXBuildFile; fileRef = C83D1E85104B25490048B36B /* InfoLocation.m */; };
		C83D20D5104B3D6C0048B36B /* InfoLocationDetailViewController.m in Sources */ = {isa = PBXBuildFile; fileRef = C83D20D3104B3D6C0048B36B /* InfoLocationDetailViewController.m */; };
		C83D20D6104B3D6C0048B36B /* InfoLocationDetailViewController.xib in Resources */ = {isa = PBXBuildFile; fileRef = C83D20D4104B3D6C0048B36B /* InfoLocationDetailViewController.xib */; };
		C83D20FE104B40640048B36B /* InfoLocationAnnotationView.m in Sources */ = {isa = PBXBuildFile; fileRef = C83D20FD104B40640048B36B /* InfoLocationAnnotationView.m */; };
		C83D221D104B4F830048B36B /* filefolder.png in Resources */ = {isa = PBXBuildFile; fileRef = C83D221C104B4F830048B36B /* filefolder.png */; };
		C83D2231104B522B0048B36B /* MainMenuViewController.m in Sources */ = {isa = PBXBuildFile; fileRef = C83D222F104B522B0048B36B /* MainMenuViewController.m */; };
		C83D2232104B522B0048B36B /* MainMenuViewController.xib in Resources */ = {isa = PBXBuildFile; fileRef = C83D2230104B522B0048B36B /* MainMenuViewController.xib */; };
		C83D22B5104B57870048B36B /* FindMeViewController.m in Sources */ = {isa = PBXBuildFile; fileRef = C83D22B3104B57870048B36B /* FindMeViewController.m */; };
		C83D22B6104B57870048B36B /* FindMeViewController.xib in Resources */ = {isa = PBXBuildFile; fileRef = C83D22B4104B57870048B36B /* FindMeViewController.xib */; };
		C83D22E0104B58AD0048B36B /* CoreLocation.framework in Frameworks */ = {isa = PBXBuildFile; fileRef = C83D22DF104B58AD0048B36B /* CoreLocation.framework */; };
		C83D254B104B92BE0048B36B /* MapFilterViewController.m in Sources */ = {isa = PBXBuildFile; fileRef = C83D2549104B92BE0048B36B /* MapFilterViewController.m */; };
		C83D254C104B92BE0048B36B /* MapFilterViewController.xib in Resources */ = {isa = PBXBuildFile; fileRef = C83D254A104B92BE0048B36B /* MapFilterViewController.xib */; };
		C85BB5D4104B1E7800341D62 /* NSObject+SBJSON.m in Sources */ = {isa = PBXBuildFile; fileRef = C85BB5C9104B1E7800341D62 /* NSObject+SBJSON.m */; };
		C85BB5D5104B1E7800341D62 /* NSString+SBJSON.m in Sources */ = {isa = PBXBuildFile; fileRef = C85BB5CB104B1E7800341D62 /* NSString+SBJSON.m */; };
		C85BB5D6104B1E7800341D62 /* SBJSON.m in Sources */ = {isa = PBXBuildFile; fileRef = C85BB5CD104B1E7800341D62 /* SBJSON.m */; };
		C85BB5D7104B1E7800341D62 /* SBJsonBase.m in Sources */ = {isa = PBXBuildFile; fileRef = C85BB5CF104B1E7800341D62 /* SBJsonBase.m */; };
		C85BB5D8104B1E7800341D62 /* SBJsonParser.m in Sources */ = {isa = PBXBuildFile; fileRef = C85BB5D1104B1E7800341D62 /* SBJsonParser.m */; };
		C85BB5D9104B1E7800341D62 /* SBJsonWriter.m in Sources */ = {isa = PBXBuildFile; fileRef = C85BB5D3104B1E7800341D62 /* SBJsonWriter.m */; };
		C8682F00107994F300627B83 /* NeighborhoodPickerViewControler.m in Sources */ = {isa = PBXBuildFile; fileRef = C8682EFE107994F300627B83 /* NeighborhoodPickerViewControler.m */; };
		C8682F01107994F300627B83 /* NeighborhoodPickerViewControler.xib in Resources */ = {isa = PBXBuildFile; fileRef = C8682EFF107994F300627B83 /* NeighborhoodPickerViewControler.xib */; };
		C8682FD41079A55900627B83 /* neighborhoods.plist in Resources */ = {isa = PBXBuildFile; fileRef = C8682FD31079A55900627B83 /* neighborhoods.plist */; };
		C868302C1079B31200627B83 /* appconfig.plist in Resources */ = {isa = PBXBuildFile; fileRef = C868302B1079B31200627B83 /* appconfig.plist */; };
		C86830581079C15300627B83 /* ByCoordinateDataSource.m in Sources */ = {isa = PBXBuildFile; fileRef = C86830571079C15300627B83 /* ByCoordinateDataSource.m */; };
		C868305A1079C21100627B83 /* InfoLocationDataSource.h in Resources */ = {isa = PBXBuildFile; fileRef = C86830591079C21100627B83 /* InfoLocationDataSource.h */; };
		C86831B91079D68900627B83 /* ByNeighborhoodDataSource.m in Sources */ = {isa = PBXBuildFile; fileRef = C86831B81079D68900627B83 /* ByNeighborhoodDataSource.m */; };
		C86832101079DCC600627B83 /* Neighborhood.m in Sources */ = {isa = PBXBuildFile; fileRef = C868320F1079DCC600627B83 /* Neighborhood.m */; };
		C86834A0107A687800627B83 /* BaseDataSource.m in Sources */ = {isa = PBXBuildFile; fileRef = C868349F107A687800627B83 /* BaseDataSource.m */; };
		C8999B5E108062B800C4663E /* Entitlements.plist in Resources */ = {isa = PBXBuildFile; fileRef = C8999B5D108062B800C4663E /* Entitlements.plist */; };
		C8B54854105C7B0F000BF55D /* address.jpg in Resources */ = {isa = PBXBuildFile; fileRef = C8B54851105C7B0F000BF55D /* address.jpg */; };
		C8B54855105C7B0F000BF55D /* blank.jpg in Resources */ = {isa = PBXBuildFile; fileRef = C8B54852105C7B0F000BF55D /* blank.jpg */; };
		C8B54856105C7B0F000BF55D /* home.jpg in Resources */ = {isa = PBXBuildFile; fileRef = C8B54853105C7B0F000BF55D /* home.jpg */; };
		C8B5485A105C7B40000BF55D /* EnterAddressViewController.m in Sources */ = {isa = PBXBuildFile; fileRef = C8B54858105C7B40000BF55D /* EnterAddressViewController.m */; };
		C8B5485B105C7B40000BF55D /* EnterAddressViewController.xib in Resources */ = {isa = PBXBuildFile; fileRef = C8B54859105C7B40000BF55D /* EnterAddressViewController.xib */; };
		C8B549DA105C88A0000BF55D /* NSObject+NetworkJSON.m in Sources */ = {isa = PBXBuildFile; fileRef = C8B549D9105C88A0000BF55D /* NSObject+NetworkJSON.m */; };
		C8B54CC1105E14AF000BF55D /* vehicle-theft.png in Resources */ = {isa = PBXBuildFile; fileRef = C8B54CC0105E14AF000BF55D /* vehicle-theft.png */; };
		C8B54D60105E1ED8000BF55D /* drug.png in Resources */ = {isa = PBXBuildFile; fileRef = C8B54D5F105E1ED8000BF55D /* drug.png */; };
		C8B54DBC105E2355000BF55D /* robbery.png in Resources */ = {isa = PBXBuildFile; fileRef = C8B54DBB105E2355000BF55D /* robbery.png */; };
		C8B54DD8105E2669000BF55D /* assault.png in Resources */ = {isa = PBXBuildFile; fileRef = C8B54DD7105E2669000BF55D /* assault.png */; };
		C8B54DDC105E2788000BF55D /* larceny.png in Resources */ = {isa = PBXBuildFile; fileRef = C8B54DDB105E2788000BF55D /* larceny.png */; };
		C8B54E06105E2C31000BF55D /* vandalism.png in Resources */ = {isa = PBXBuildFile; fileRef = C8B54E05105E2C31000BF55D /* vandalism.png */; };
		C8B54EC3105E3A56000BF55D /* IconPlayground.xib in Resources */ = {isa = PBXBuildFile; fileRef = C8B54EC2105E3A56000BF55D /* IconPlayground.xib */; };
		C8B54EC6105E3A81000BF55D /* map-sample.png in Resources */ = {isa = PBXBuildFile; fileRef = C8B54EC5105E3A81000BF55D /* map-sample.png */; };
		C8B54ED0105E3CD9000BF55D /* burglary.png in Resources */ = {isa = PBXBuildFile; fileRef = C8B54ECF105E3CD9000BF55D /* burglary.png */; };
		C8B54EF4105E3FA5000BF55D /* sexoffenses.png in Resources */ = {isa = PBXBuildFile; fileRef = C8B54EF3105E3FA5000BF55D /* sexoffenses.png */; };
		C8B54F0D105E488F000BF55D /* center.png in Resources */ = {isa = PBXBuildFile; fileRef = C8B54F0C105E488F000BF55D /* center.png */; };
		C8B55033105E5966000BF55D /* UIViewController+SanFrancisco.m in Sources */ = {isa = PBXBuildFile; fileRef = C8B55032105E5966000BF55D /* UIViewController+SanFrancisco.m */; };
		C8F61C64105E6B48007F3252 /* MessageUI.framework in Frameworks */ = {isa = PBXBuildFile; fileRef = C8F61C63105E6B48007F3252 /* MessageUI.framework */; };
		C8F61D4A105E7188007F3252 /* Icon.png in Resources */ = {isa = PBXBuildFile; fileRef = C8F61D49105E7188007F3252 /* Icon.png */; };
/* End PBXBuildFile section */

/* Begin PBXFileReference section */
		1D30AB110D05D00D00671497 /* Foundation.framework */ = {isa = PBXFileReference; lastKnownFileType = wrapper.framework; name = Foundation.framework; path = System/Library/Frameworks/Foundation.framework; sourceTree = SDKROOT; };
		1D3623240D0F684500981E51 /* sfinfoAppDelegate.h */ = {isa = PBXFileReference; fileEncoding = 4; lastKnownFileType = sourcecode.c.h; path = sfinfoAppDelegate.h; sourceTree = "<group>"; };
		1D3623250D0F684500981E51 /* sfinfoAppDelegate.m */ = {isa = PBXFileReference; fileEncoding = 4; lastKnownFileType = sourcecode.c.objc; path = sfinfoAppDelegate.m; sourceTree = "<group>"; };
		1D6058910D05DD3D006BFB54 /* sfinfo.app */ = {isa = PBXFileReference; explicitFileType = wrapper.application; includeInIndex = 0; path = sfinfo.app; sourceTree = BUILT_PRODUCTS_DIR; };
		1DF5F4DF0D08C38300B7A737 /* UIKit.framework */ = {isa = PBXFileReference; lastKnownFileType = wrapper.framework; name = UIKit.framework; path = System/Library/Frameworks/UIKit.framework; sourceTree = SDKROOT; };
		288765A40DF7441C002DB57D /* CoreGraphics.framework */ = {isa = PBXFileReference; lastKnownFileType = wrapper.framework; name = CoreGraphics.framework; path = System/Library/Frameworks/CoreGraphics.framework; sourceTree = SDKROOT; };
		2899E5210DE3E06400AC0155 /* InfoMapViewController.xib */ = {isa = PBXFileReference; lastKnownFileType = file.xib; path = InfoMapViewController.xib; sourceTree = "<group>"; };
		28AD733E0D9D9553002E5188 /* MainWindow.xib */ = {isa = PBXFileReference; lastKnownFileType = file.xib; path = MainWindow.xib; sourceTree = "<group>"; };
		28D7ACF60DDB3853001CB0EB /* InfoMapViewController.h */ = {isa = PBXFileReference; fileEncoding = 4; lastKnownFileType = sourcecode.c.h; path = InfoMapViewController.h; sourceTree = "<group>"; };
		28D7ACF70DDB3853001CB0EB /* InfoMapViewController.m */ = {isa = PBXFileReference; fileEncoding = 4; lastKnownFileType = sourcecode.c.objc; path = InfoMapViewController.m; sourceTree = "<group>"; };
		29B97316FDCFA39411CA2CEA /* main.m */ = {isa = PBXFileReference; fileEncoding = 4; lastKnownFileType = sourcecode.c.objc; path = main.m; sourceTree = "<group>"; };
		32CA4F630368D1EE00C91783 /* sfinfo_Prefix.pch */ = {isa = PBXFileReference; fileEncoding = 4; lastKnownFileType = sourcecode.c.h; path = sfinfo_Prefix.pch; sourceTree = "<group>"; };
		8D1107310486CEB800E47090 /* sfinfo-Info.plist */ = {isa = PBXFileReference; fileEncoding = 4; lastKnownFileType = text.plist.xml; path = "sfinfo-Info.plist"; plistStructureDefinitionIdentifier = "com.apple.xcode.plist.structure-definition.iphone.info-plist"; sourceTree = "<group>"; };
		C80601A8104E45FB006AA19D /* ARCoordinate.h */ = {isa = PBXFileReference; fileEncoding = 4; lastKnownFileType = sourcecode.c.h; path = ARCoordinate.h; sourceTree = "<group>"; };
		C80601A9104E45FB006AA19D /* ARCoordinate.m */ = {isa = PBXFileReference; fileEncoding = 4; lastKnownFileType = sourcecode.c.objc; path = ARCoordinate.m; sourceTree = "<group>"; };
		C80601AA104E45FB006AA19D /* ARViewController.h */ = {isa = PBXFileReference; fileEncoding = 4; lastKnownFileType = sourcecode.c.h; path = ARViewController.h; sourceTree = "<group>"; };
		C80601AB104E45FB006AA19D /* ARViewController.m */ = {isa = PBXFileReference; fileEncoding = 4; lastKnownFileType = sourcecode.c.objc; path = ARViewController.m; sourceTree = "<group>"; };
		C80601AC104E45FB006AA19D /* ARGeoCoordinate.h */ = {isa = PBXFileReference; fileEncoding = 4; lastKnownFileType = sourcecode.c.h; path = ARGeoCoordinate.h; sourceTree = "<group>"; };
		C80601AD104E45FB006AA19D /* ARGeoCoordinate.m */ = {isa = PBXFileReference; fileEncoding = 4; lastKnownFileType = sourcecode.c.objc; path = ARGeoCoordinate.m; sourceTree = "<group>"; };
		C80601AE104E45FB006AA19D /* ARGeoViewController.h */ = {isa = PBXFileReference; fileEncoding = 4; lastKnownFileType = sourcecode.c.h; path = ARGeoViewController.h; sourceTree = "<group>"; };
		C80601AF104E45FB006AA19D /* ARGeoViewController.m */ = {isa = PBXFileReference; fileEncoding = 4; lastKnownFileType = sourcecode.c.objc; path = ARGeoViewController.m; sourceTree = "<group>"; };
		C80601B4104E4609006AA19D /* AugmentedRealityViewController.h */ = {isa = PBXFileReference; fileEncoding = 4; lastKnownFileType = sourcecode.c.h; path = AugmentedRealityViewController.h; sourceTree = "<group>"; };
		C80601B5104E4609006AA19D /* AugmentedRealityViewController.m */ = {isa = PBXFileReference; fileEncoding = 4; lastKnownFileType = sourcecode.c.objc; path = AugmentedRealityViewController.m; sourceTree = "<group>"; };
		C806022C104E4A43006AA19D /* AugmentedRealityViewController.xib */ = {isa = PBXFileReference; lastKnownFileType = file.xib; path = AugmentedRealityViewController.xib; sourceTree = "<group>"; };
		C81FDA5F107B060700CEDB9E /* ARCoordinateView.xib */ = {isa = PBXFileReference; lastKnownFileType = file.xib; name = ARCoordinateView.xib; path = Classes/ARCoordinateView.xib; sourceTree = "<group>"; };
		C81FDA6D107B0A1F00CEDB9E /* arbackground.png */ = {isa = PBXFileReference; lastKnownFileType = image.png; name = arbackground.png; path = ../gfx/out/arbackground.png; sourceTree = SOURCE_ROOT; };
		C81FDA81107B0BB800CEDB9E /* ARCoordinateView.h */ = {isa = PBXFileReference; fileEncoding = 4; lastKnownFileType = sourcecode.c.h; path = ARCoordinateView.h; sourceTree = "<group>"; };
		C81FDA82107B0BB800CEDB9E /* ARCoordinateView.m */ = {isa = PBXFileReference; fileEncoding = 4; lastKnownFileType = sourcecode.c.objc; path = ARCoordinateView.m; sourceTree = "<group>"; };
		C83D1E0D104B20FC0048B36B /* MapKit.framework */ = {isa = PBXFileReference; lastKnownFileType = wrapper.framework; name = MapKit.framework; path = System/Library/Frameworks/MapKit.framework; sourceTree = SDKROOT; };
		C83D1E84104B25490048B36B /* InfoLocation.h */ = {isa = PBXFileReference; fileEncoding = 4; lastKnownFileType = sourcecode.c.h; path = InfoLocation.h; sourceTree = "<group>"; };
		C83D1E85104B25490048B36B /* InfoLocation.m */ = {isa = PBXFileReference; fileEncoding = 4; lastKnownFileType = sourcecode.c.objc; path = InfoLocation.m; sourceTree = "<group>"; };
		C83D20D2104B3D6C0048B36B /* InfoLocationDetailViewController.h */ = {isa = PBXFileReference; fileEncoding = 4; lastKnownFileType = sourcecode.c.h; path = InfoLocationDetailViewController.h; sourceTree = "<group>"; };
		C83D20D3104B3D6C0048B36B /* InfoLocationDetailViewController.m */ = {isa = PBXFileReference; fileEncoding = 4; lastKnownFileType = sourcecode.c.objc; path = InfoLocationDetailViewController.m; sourceTree = "<group>"; };
		C83D20D4104B3D6C0048B36B /* InfoLocationDetailViewController.xib */ = {isa = PBXFileReference; lastKnownFileType = file.xib; name = InfoLocationDetailViewController.xib; path = Classes/InfoLocationDetailViewController.xib; sourceTree = "<group>"; };
		C83D20FC104B40640048B36B /* InfoLocationAnnotationView.h */ = {isa = PBXFileReference; fileEncoding = 4; lastKnownFileType = sourcecode.c.h; path = InfoLocationAnnotationView.h; sourceTree = "<group>"; };
		C83D20FD104B40640048B36B /* InfoLocationAnnotationView.m */ = {isa = PBXFileReference; fileEncoding = 4; lastKnownFileType = sourcecode.c.objc; path = InfoLocationAnnotationView.m; sourceTree = "<group>"; };
		C83D221C104B4F830048B36B /* filefolder.png */ = {isa = PBXFileReference; lastKnownFileType = image.png; name = filefolder.png; path = ../gfx/filefolder.png; sourceTree = SOURCE_ROOT; };
		C83D222E104B522B0048B36B /* MainMenuViewController.h */ = {isa = PBXFileReference; fileEncoding = 4; lastKnownFileType = sourcecode.c.h; path = MainMenuViewController.h; sourceTree = "<group>"; };
		C83D222F104B522B0048B36B /* MainMenuViewController.m */ = {isa = PBXFileReference; fileEncoding = 4; lastKnownFileType = sourcecode.c.objc; path = MainMenuViewController.m; sourceTree = "<group>"; };
		C83D2230104B522B0048B36B /* MainMenuViewController.xib */ = {isa = PBXFileReference; lastKnownFileType = file.xib; name = MainMenuViewController.xib; path = Classes/MainMenuViewController.xib; sourceTree = "<group>"; };
		C83D22B2104B57870048B36B /* FindMeViewController.h */ = {isa = PBXFileReference; fileEncoding = 4; lastKnownFileType = sourcecode.c.h; path = FindMeViewController.h; sourceTree = "<group>"; };
		C83D22B3104B57870048B36B /* FindMeViewController.m */ = {isa = PBXFileReference; fileEncoding = 4; lastKnownFileType = sourcecode.c.objc; path = FindMeViewController.m; sourceTree = "<group>"; };
		C83D22B4104B57870048B36B /* FindMeViewController.xib */ = {isa = PBXFileReference; lastKnownFileType = file.xib; name = FindMeViewController.xib; path = Classes/FindMeViewController.xib; sourceTree = "<group>"; };
		C83D22DF104B58AD0048B36B /* CoreLocation.framework */ = {isa = PBXFileReference; lastKnownFileType = wrapper.framework; name = CoreLocation.framework; path = System/Library/Frameworks/CoreLocation.framework; sourceTree = SDKROOT; };
		C83D23B1104B65520048B36B /* LocationCallerDelegate.h */ = {isa = PBXFileReference; fileEncoding = 4; lastKnownFileType = sourcecode.c.h; path = LocationCallerDelegate.h; sourceTree = "<group>"; };
		C83D2548104B92BE0048B36B /* MapFilterViewController.h */ = {isa = PBXFileReference; fileEncoding = 4; lastKnownFileType = sourcecode.c.h; path = MapFilterViewController.h; sourceTree = "<group>"; };
		C83D2549104B92BE0048B36B /* MapFilterViewController.m */ = {isa = PBXFileReference; fileEncoding = 4; lastKnownFileType = sourcecode.c.objc; path = MapFilterViewController.m; sourceTree = "<group>"; };
		C83D254A104B92BE0048B36B /* MapFilterViewController.xib */ = {isa = PBXFileReference; lastKnownFileType = file.xib; name = MapFilterViewController.xib; path = Classes/MapFilterViewController.xib; sourceTree = "<group>"; };
		C83D25E9104B9A330048B36B /* FilterCallerDelegate.h */ = {isa = PBXFileReference; fileEncoding = 4; lastKnownFileType = sourcecode.c.h; path = FilterCallerDelegate.h; sourceTree = "<group>"; };
		C85BB5C7104B1E7800341D62 /* JSON.h */ = {isa = PBXFileReference; fileEncoding = 4; lastKnownFileType = sourcecode.c.h; path = JSON.h; sourceTree = "<group>"; };
		C85BB5C8104B1E7800341D62 /* NSObject+SBJSON.h */ = {isa = PBXFileReference; fileEncoding = 4; lastKnownFileType = sourcecode.c.h; path = "NSObject+SBJSON.h"; sourceTree = "<group>"; };
		C85BB5C9104B1E7800341D62 /* NSObject+SBJSON.m */ = {isa = PBXFileReference; fileEncoding = 4; lastKnownFileType = sourcecode.c.objc; path = "NSObject+SBJSON.m"; sourceTree = "<group>"; };
		C85BB5CA104B1E7800341D62 /* NSString+SBJSON.h */ = {isa = PBXFileReference; fileEncoding = 4; lastKnownFileType = sourcecode.c.h; path = "NSString+SBJSON.h"; sourceTree = "<group>"; };
		C85BB5CB104B1E7800341D62 /* NSString+SBJSON.m */ = {isa = PBXFileReference; fileEncoding = 4; lastKnownFileType = sourcecode.c.objc; path = "NSString+SBJSON.m"; sourceTree = "<group>"; };
		C85BB5CC104B1E7800341D62 /* SBJSON.h */ = {isa = PBXFileReference; fileEncoding = 4; lastKnownFileType = sourcecode.c.h; path = SBJSON.h; sourceTree = "<group>"; };
		C85BB5CD104B1E7800341D62 /* SBJSON.m */ = {isa = PBXFileReference; fileEncoding = 4; lastKnownFileType = sourcecode.c.objc; path = SBJSON.m; sourceTree = "<group>"; };
		C85BB5CE104B1E7800341D62 /* SBJsonBase.h */ = {isa = PBXFileReference; fileEncoding = 4; lastKnownFileType = sourcecode.c.h; path = SBJsonBase.h; sourceTree = "<group>"; };
		C85BB5CF104B1E7800341D62 /* SBJsonBase.m */ = {isa = PBXFileReference; fileEncoding = 4; lastKnownFileType = sourcecode.c.objc; path = SBJsonBase.m; sourceTree = "<group>"; };
		C85BB5D0104B1E7800341D62 /* SBJsonParser.h */ = {isa = PBXFileReference; fileEncoding = 4; lastKnownFileType = sourcecode.c.h; path = SBJsonParser.h; sourceTree = "<group>"; };
		C85BB5D1104B1E7800341D62 /* SBJsonParser.m */ = {isa = PBXFileReference; fileEncoding = 4; lastKnownFileType = sourcecode.c.objc; path = SBJsonParser.m; sourceTree = "<group>"; };
		C85BB5D2104B1E7800341D62 /* SBJsonWriter.h */ = {isa = PBXFileReference; fileEncoding = 4; lastKnownFileType = sourcecode.c.h; path = SBJsonWriter.h; sourceTree = "<group>"; };
		C85BB5D3104B1E7800341D62 /* SBJsonWriter.m */ = {isa = PBXFileReference; fileEncoding = 4; lastKnownFileType = sourcecode.c.objc; path = SBJsonWriter.m; sourceTree = "<group>"; };
		C8682EFD107994F300627B83 /* NeighborhoodPickerViewControler.h */ = {isa = PBXFileReference; fileEncoding = 4; lastKnownFileType = sourcecode.c.h; path = NeighborhoodPickerViewControler.h; sourceTree = "<group>"; };
		C8682EFE107994F300627B83 /* NeighborhoodPickerViewControler.m */ = {isa = PBXFileReference; fileEncoding = 4; lastKnownFileType = sourcecode.c.objc; path = NeighborhoodPickerViewControler.m; sourceTree = "<group>"; };
		C8682EFF107994F300627B83 /* NeighborhoodPickerViewControler.xib */ = {isa = PBXFileReference; lastKnownFileType = file.xib; name = NeighborhoodPickerViewControler.xib; path = Classes/NeighborhoodPickerViewControler.xib; sourceTree = "<group>"; };
		C8682FD31079A55900627B83 /* neighborhoods.plist */ = {isa = PBXFileReference; fileEncoding = 4; lastKnownFileType = text.plist.xml; path = neighborhoods.plist; sourceTree = "<group>"; };
		C868302B1079B31200627B83 /* appconfig.plist */ = {isa = PBXFileReference; fileEncoding = 4; lastKnownFileType = text.plist.xml; path = appconfig.plist; sourceTree = "<group>"; };
		C86830561079C15300627B83 /* ByCoordinateDataSource.h */ = {isa = PBXFileReference; fileEncoding = 4; lastKnownFileType = sourcecode.c.h; path = ByCoordinateDataSource.h; sourceTree = "<group>"; };
		C86830571079C15300627B83 /* ByCoordinateDataSource.m */ = {isa = PBXFileReference; fileEncoding = 4; lastKnownFileType = sourcecode.c.objc; path = ByCoordinateDataSource.m; sourceTree = "<group>"; };
		C86830591079C21100627B83 /* InfoLocationDataSource.h */ = {isa = PBXFileReference; fileEncoding = 4; lastKnownFileType = sourcecode.c.h; path = InfoLocationDataSource.h; sourceTree = "<group>"; };
		C86830921079C54A00627B83 /* InfoLocationDataSourceDelegate.h */ = {isa = PBXFileReference; fileEncoding = 4; lastKnownFileType = sourcecode.c.h; path = InfoLocationDataSourceDelegate.h; sourceTree = "<group>"; };
		C86831B71079D68900627B83 /* ByNeighborhoodDataSource.h */ = {isa = PBXFileReference; fileEncoding = 4; lastKnownFileType = sourcecode.c.h; path = ByNeighborhoodDataSource.h; sourceTree = "<group>"; };
		C86831B81079D68900627B83 /* ByNeighborhoodDataSource.m */ = {isa = PBXFileReference; fileEncoding = 4; lastKnownFileType = sourcecode.c.objc; path = ByNeighborhoodDataSource.m; sourceTree = "<group>"; };
		C868320E1079DCC600627B83 /* Neighborhood.h */ = {isa = PBXFileReference; fileEncoding = 4; lastKnownFileType = sourcecode.c.h; path = Neighborhood.h; sourceTree = "<group>"; };
		C868320F1079DCC600627B83 /* Neighborhood.m */ = {isa = PBXFileReference; fileEncoding = 4; lastKnownFileType = sourcecode.c.objc; path = Neighborhood.m; sourceTree = "<group>"; };
		C868349E107A687800627B83 /* BaseDataSource.h */ = {isa = PBXFileReference; fileEncoding = 4; lastKnownFileType = sourcecode.c.h; path = BaseDataSource.h; sourceTree = "<group>"; };
		C868349F107A687800627B83 /* BaseDataSource.m */ = {isa = PBXFileReference; fileEncoding = 4; lastKnownFileType = sourcecode.c.objc; path = BaseDataSource.m; sourceTree = "<group>"; };
		C8999B5D108062B800C4663E /* Entitlements.plist */ = {isa = PBXFileReference; fileEncoding = 4; lastKnownFileType = text.plist.xml; path = Entitlements.plist; sourceTree = "<group>"; };
		C8B54851105C7B0F000BF55D /* address.jpg */ = {isa = PBXFileReference; lastKnownFileType = image.jpeg; name = address.jpg; path = ../gfx/out/address.jpg; sourceTree = SOURCE_ROOT; };
		C8B54852105C7B0F000BF55D /* blank.jpg */ = {isa = PBXFileReference; lastKnownFileType = image.jpeg; name = blank.jpg; path = ../gfx/out/blank.jpg; sourceTree = SOURCE_ROOT; };
		C8B54853105C7B0F000BF55D /* home.jpg */ = {isa = PBXFileReference; lastKnownFileType = image.jpeg; name = home.jpg; path = ../gfx/out/home.jpg; sourceTree = SOURCE_ROOT; };
		C8B54857105C7B40000BF55D /* EnterAddressViewController.h */ = {isa = PBXFileReference; fileEncoding = 4; lastKnownFileType = sourcecode.c.h; path = EnterAddressViewController.h; sourceTree = "<group>"; };
		C8B54858105C7B40000BF55D /* EnterAddressViewController.m */ = {isa = PBXFileReference; fileEncoding = 4; lastKnownFileType = sourcecode.c.objc; path = EnterAddressViewController.m; sourceTree = "<group>"; };
		C8B54859105C7B40000BF55D /* EnterAddressViewController.xib */ = {isa = PBXFileReference; lastKnownFileType = file.xib; name = EnterAddressViewController.xib; path = Classes/EnterAddressViewController.xib; sourceTree = "<group>"; };
		C8B549D8105C88A0000BF55D /* NSObject+NetworkJSON.h */ = {isa = PBXFileReference; fileEncoding = 4; lastKnownFileType = sourcecode.c.h; path = "NSObject+NetworkJSON.h"; sourceTree = "<group>"; };
		C8B549D9105C88A0000BF55D /* NSObject+NetworkJSON.m */ = {isa = PBXFileReference; fileEncoding = 4; lastKnownFileType = sourcecode.c.objc; path = "NSObject+NetworkJSON.m"; sourceTree = "<group>"; };
		C8B54CC0105E14AF000BF55D /* vehicle-theft.png */ = {isa = PBXFileReference; lastKnownFileType = image.png; name = "vehicle-theft.png"; path = "../gfx/out/vehicle-theft.png"; sourceTree = SOURCE_ROOT; };
		C8B54D5F105E1ED8000BF55D /* drug.png */ = {isa = PBXFileReference; lastKnownFileType = image.png; name = drug.png; path = ../gfx/out/drug.png; sourceTree = SOURCE_ROOT; };
		C8B54DBB105E2355000BF55D /* robbery.png */ = {isa = PBXFileReference; lastKnownFileType = image.png; name = robbery.png; path = ../gfx/out/robbery.png; sourceTree = SOURCE_ROOT; };
		C8B54DD7105E2669000BF55D /* assault.png */ = {isa = PBXFileReference; lastKnownFileType = image.png; name = assault.png; path = ../gfx/out/assault.png; sourceTree = SOURCE_ROOT; };
		C8B54DDB105E2788000BF55D /* larceny.png */ = {isa = PBXFileReference; lastKnownFileType = image.png; name = larceny.png; path = ../gfx/out/larceny.png; sourceTree = SOURCE_ROOT; };
		C8B54E05105E2C31000BF55D /* vandalism.png */ = {isa = PBXFileReference; lastKnownFileType = image.png; name = vandalism.png; path = ../gfx/out/vandalism.png; sourceTree = SOURCE_ROOT; };
		C8B54EC2105E3A56000BF55D /* IconPlayground.xib */ = {isa = PBXFileReference; lastKnownFileType = file.xib; path = IconPlayground.xib; sourceTree = "<group>"; };
		C8B54EC5105E3A81000BF55D /* map-sample.png */ = {isa = PBXFileReference; lastKnownFileType = image.png; name = "map-sample.png"; path = "../gfx/out/map-sample.png"; sourceTree = SOURCE_ROOT; };
		C8B54ECF105E3CD9000BF55D /* burglary.png */ = {isa = PBXFileReference; lastKnownFileType = image.png; name = burglary.png; path = ../gfx/out/burglary.png; sourceTree = SOURCE_ROOT; };
		C8B54EF3105E3FA5000BF55D /* sexoffenses.png */ = {isa = PBXFileReference; lastKnownFileType = image.png; name = sexoffenses.png; path = ../gfx/out/sexoffenses.png; sourceTree = SOURCE_ROOT; };
		C8B54F0C105E488F000BF55D /* center.png */ = {isa = PBXFileReference; lastKnownFileType = image.png; name = center.png; path = ../gfx/out/center.png; sourceTree = SOURCE_ROOT; };
		C8B55031105E5966000BF55D /* UIViewController+SanFrancisco.h */ = {isa = PBXFileReference; fileEncoding = 4; lastKnownFileType = sourcecode.c.h; path = "UIViewController+SanFrancisco.h"; sourceTree = "<group>"; };
		C8B55032105E5966000BF55D /* UIViewController+SanFrancisco.m */ = {isa = PBXFileReference; fileEncoding = 4; lastKnownFileType = sourcecode.c.objc; path = "UIViewController+SanFrancisco.m"; sourceTree = "<group>"; };
		C8F61C63105E6B48007F3252 /* MessageUI.framework */ = {isa = PBXFileReference; lastKnownFileType = wrapper.framework; name = MessageUI.framework; path = System/Library/Frameworks/MessageUI.framework; sourceTree = SDKROOT; };
		C8F61D49105E7188007F3252 /* Icon.png */ = {isa = PBXFileReference; lastKnownFileType = image.png; path = Icon.png; sourceTree = "<group>"; };
/* End PBXFileReference section */

/* Begin PBXFrameworksBuildPhase section */
		1D60588F0D05DD3D006BFB54 /* Frameworks */ = {
			isa = PBXFrameworksBuildPhase;
			buildActionMask = 2147483647;
			files = (
				1D60589F0D05DD5A006BFB54 /* Foundation.framework in Frameworks */,
				1DF5F4E00D08C38300B7A737 /* UIKit.framework in Frameworks */,
				288765A50DF7441C002DB57D /* CoreGraphics.framework in Frameworks */,
				C83D1E0E104B20FC0048B36B /* MapKit.framework in Frameworks */,
				C83D22E0104B58AD0048B36B /* CoreLocation.framework in Frameworks */,
				C8F61C64105E6B48007F3252 /* MessageUI.framework in Frameworks */,
			);
			runOnlyForDeploymentPostprocessing = 0;
		};
/* End PBXFrameworksBuildPhase section */

/* Begin PBXGroup section */
		080E96DDFE201D6D7F000001 /* Classes */ = {
			isa = PBXGroup;
			children = (
				C81FDA80107B0BA200CEDB9E /* Views */,
				C86833811079EBE700627B83 /* Data Sources */,
				C86833931079EC3B00627B83 /* External */,
				C86833711079EB7E00627B83 /* Models */,
				C86833801079EBB200627B83 /* Protocols and Categories */,
				1D3623240D0F684500981E51 /* sfinfoAppDelegate.h */,
				1D3623250D0F684500981E51 /* sfinfoAppDelegate.m */,
				C86833701079EB7600627B83 /* View Controllers */,
			);
			path = Classes;
			sourceTree = "<group>";
		};
		19C28FACFE9D520D11CA2CBB /* Products */ = {
			isa = PBXGroup;
			children = (
				1D6058910D05DD3D006BFB54 /* sfinfo.app */,
			);
			name = Products;
			sourceTree = "<group>";
		};
		29B97314FDCFA39411CA2CEA /* CustomTemplate */ = {
			isa = PBXGroup;
			children = (
				080E96DDFE201D6D7F000001 /* Classes */,
				29B97323FDCFA39411CA2CEA /* Frameworks */,
				29B97315FDCFA39411CA2CEA /* Other Sources */,
				19C28FACFE9D520D11CA2CBB /* Products */,
				29B97317FDCFA39411CA2CEA /* Resources */,
				C8999B5D108062B800C4663E /* Entitlements.plist */,
			);
			name = CustomTemplate;
			sourceTree = "<group>";
		};
		29B97315FDCFA39411CA2CEA /* Other Sources */ = {
			isa = PBXGroup;
			children = (
				32CA4F630368D1EE00C91783 /* sfinfo_Prefix.pch */,
				29B97316FDCFA39411CA2CEA /* main.m */,
			);
			name = "Other Sources";
			sourceTree = "<group>";
		};
		29B97317FDCFA39411CA2CEA /* Resources */ = {
			isa = PBXGroup;
			children = (
				C86833971079EC6600627B83 /* Plists */,
				C86833961079EC5400627B83 /* XIB */,
				C8B54850105C7AFD000BF55D /* Images */,
			);
			name = Resources;
			sourceTree = "<group>";
		};
		29B97323FDCFA39411CA2CEA /* Frameworks */ = {
			isa = PBXGroup;
			children = (
				288765A40DF7441C002DB57D /* CoreGraphics.framework */,
				C83D22DF104B58AD0048B36B /* CoreLocation.framework */,
				1D30AB110D05D00D00671497 /* Foundation.framework */,
				C83D1E0D104B20FC0048B36B /* MapKit.framework */,
				C8F61C63105E6B48007F3252 /* MessageUI.framework */,
				1DF5F4DF0D08C38300B7A737 /* UIKit.framework */,
			);
			name = Frameworks;
			sourceTree = "<group>";
		};
		C80601A7104E45FB006AA19D /* ARKIt */ = {
			isa = PBXGroup;
			children = (
				C80601A8104E45FB006AA19D /* ARCoordinate.h */,
				C80601A9104E45FB006AA19D /* ARCoordinate.m */,
				C80601AA104E45FB006AA19D /* ARViewController.h */,
				C80601AB104E45FB006AA19D /* ARViewController.m */,
				C80601AC104E45FB006AA19D /* ARGeoCoordinate.h */,
				C80601AD104E45FB006AA19D /* ARGeoCoordinate.m */,
				C80601AE104E45FB006AA19D /* ARGeoViewController.h */,
				C80601AF104E45FB006AA19D /* ARGeoViewController.m */,
			);
			name = ARKIt;
			sourceTree = "<group>";
		};
		C81FDA80107B0BA200CEDB9E /* Views */ = {
			isa = PBXGroup;
			children = (
				C81FDA81107B0BB800CEDB9E /* ARCoordinateView.h */,
				C81FDA82107B0BB800CEDB9E /* ARCoordinateView.m */,
			);
			name = Views;
			sourceTree = "<group>";
		};
		C85BB5C6104B1E7800341D62 /* JSON */ = {
			isa = PBXGroup;
			children = (
				C85BB5C7104B1E7800341D62 /* JSON.h */,
				C85BB5C8104B1E7800341D62 /* NSObject+SBJSON.h */,
				C85BB5C9104B1E7800341D62 /* NSObject+SBJSON.m */,
				C85BB5CA104B1E7800341D62 /* NSString+SBJSON.h */,
				C85BB5CB104B1E7800341D62 /* NSString+SBJSON.m */,
				C85BB5CC104B1E7800341D62 /* SBJSON.h */,
				C85BB5CD104B1E7800341D62 /* SBJSON.m */,
				C85BB5CE104B1E7800341D62 /* SBJsonBase.h */,
				C85BB5CF104B1E7800341D62 /* SBJsonBase.m */,
				C85BB5D0104B1E7800341D62 /* SBJsonParser.h */,
				C85BB5D1104B1E7800341D62 /* SBJsonParser.m */,
				C85BB5D2104B1E7800341D62 /* SBJsonWriter.h */,
				C85BB5D3104B1E7800341D62 /* SBJsonWriter.m */,
				C8B549D8105C88A0000BF55D /* NSObject+NetworkJSON.h */,
				C8B549D9105C88A0000BF55D /* NSObject+NetworkJSON.m */,
			);
			path = JSON;
			sourceTree = "<group>";
		};
		C86833701079EB7600627B83 /* View Controllers */ = {
			isa = PBXGroup;
			children = (
				C80601B4104E4609006AA19D /* AugmentedRealityViewController.h */,
				C80601B5104E4609006AA19D /* AugmentedRealityViewController.m */,
				C8B54857105C7B40000BF55D /* EnterAddressViewController.h */,
				C8B54858105C7B40000BF55D /* EnterAddressViewController.m */,
				C83D22B2104B57870048B36B /* FindMeViewController.h */,
				C83D22B3104B57870048B36B /* FindMeViewController.m */,
				C83D20FC104B40640048B36B /* InfoLocationAnnotationView.h */,
				C83D20FD104B40640048B36B /* InfoLocationAnnotationView.m */,
				C83D20D2104B3D6C0048B36B /* InfoLocationDetailViewController.h */,
				C83D20D3104B3D6C0048B36B /* InfoLocationDetailViewController.m */,
				28D7ACF60DDB3853001CB0EB /* InfoMapViewController.h */,
				28D7ACF70DDB3853001CB0EB /* InfoMapViewController.m */,
				C83D222E104B522B0048B36B /* MainMenuViewController.h */,
				C83D222F104B522B0048B36B /* MainMenuViewController.m */,
				C83D2548104B92BE0048B36B /* MapFilterViewController.h */,
				C83D2549104B92BE0048B36B /* MapFilterViewController.m */,
				C8682EFD107994F300627B83 /* NeighborhoodPickerViewControler.h */,
				C8682EFE107994F300627B83 /* NeighborhoodPickerViewControler.m */,
			);
			name = "View Controllers";
			sourceTree = "<group>";
		};
		C86833711079EB7E00627B83 /* Models */ = {
			isa = PBXGroup;
			children = (
				C83D1E84104B25490048B36B /* InfoLocation.h */,
				C83D1E85104B25490048B36B /* InfoLocation.m */,
				C868320E1079DCC600627B83 /* Neighborhood.h */,
				C868320F1079DCC600627B83 /* Neighborhood.m */,
			);
			name = Models;
			sourceTree = "<group>";
		};
		C86833801079EBB200627B83 /* Protocols and Categories */ = {
			isa = PBXGroup;
			children = (
				C83D25E9104B9A330048B36B /* FilterCallerDelegate.h */,
				C86830591079C21100627B83 /* InfoLocationDataSource.h */,
				C86830921079C54A00627B83 /* InfoLocationDataSourceDelegate.h */,
				C83D23B1104B65520048B36B /* LocationCallerDelegate.h */,
				C8B55031105E5966000BF55D /* UIViewController+SanFrancisco.h */,
				C8B55032105E5966000BF55D /* UIViewController+SanFrancisco.m */,
			);
			name = "Protocols and Categories";
			sourceTree = "<group>";
		};
		C86833811079EBE700627B83 /* Data Sources */ = {
			isa = PBXGroup;
			children = (
				C86830561079C15300627B83 /* ByCoordinateDataSource.h */,
				C86830571079C15300627B83 /* ByCoordinateDataSource.m */,
				C86831B71079D68900627B83 /* ByNeighborhoodDataSource.h */,
				C86831B81079D68900627B83 /* ByNeighborhoodDataSource.m */,
				C868349E107A687800627B83 /* BaseDataSource.h */,
				C868349F107A687800627B83 /* BaseDataSource.m */,
			);
			name = "Data Sources";
			sourceTree = "<group>";
		};
		C86833931079EC3B00627B83 /* External */ = {
			isa = PBXGroup;
			children = (
				C80601A7104E45FB006AA19D /* ARKIt */,
				C85BB5C6104B1E7800341D62 /* JSON */,
			);
			name = External;
			sourceTree = "<group>";
		};
		C86833961079EC5400627B83 /* XIB */ = {
			isa = PBXGroup;
			children = (
				C81FDA5F107B060700CEDB9E /* ARCoordinateView.xib */,
				C83D20D4104B3D6C0048B36B /* InfoLocationDetailViewController.xib */,
				2899E5210DE3E06400AC0155 /* InfoMapViewController.xib */,
				28AD733E0D9D9553002E5188 /* MainWindow.xib */,
				C8682EFF107994F300627B83 /* NeighborhoodPickerViewControler.xib */,
				C8B54859105C7B40000BF55D /* EnterAddressViewController.xib */,
				C8B54EC2105E3A56000BF55D /* IconPlayground.xib */,
				C806022C104E4A43006AA19D /* AugmentedRealityViewController.xib */,
				C83D254A104B92BE0048B36B /* MapFilterViewController.xib */,
				C83D22B4104B57870048B36B /* FindMeViewController.xib */,
				C83D2230104B522B0048B36B /* MainMenuViewController.xib */,
			);
			name = XIB;
			sourceTree = "<group>";
		};
		C86833971079EC6600627B83 /* Plists */ = {
			isa = PBXGroup;
			children = (
				8D1107310486CEB800E47090 /* sfinfo-Info.plist */,
				C8682FD31079A55900627B83 /* neighborhoods.plist */,
				C868302B1079B31200627B83 /* appconfig.plist */,
			);
			name = Plists;
			sourceTree = "<group>";
		};
		C8B54850105C7AFD000BF55D /* Images */ = {
			isa = PBXGroup;
			children = (
				C81FDA6D107B0A1F00CEDB9E /* arbackground.png */,
				C83D221C104B4F830048B36B /* filefolder.png */,
				C8F61D49105E7188007F3252 /* Icon.png */,
				C8B54F0C105E488F000BF55D /* center.png */,
				C8B54EF3105E3FA5000BF55D /* sexoffenses.png */,
				C8B54ECF105E3CD9000BF55D /* burglary.png */,
				C8B54EC5105E3A81000BF55D /* map-sample.png */,
				C8B54E05105E2C31000BF55D /* vandalism.png */,
				C8B54DDB105E2788000BF55D /* larceny.png */,
				C8B54DD7105E2669000BF55D /* assault.png */,
				C8B54DBB105E2355000BF55D /* robbery.png */,
				C8B54D5F105E1ED8000BF55D /* drug.png */,
				C8B54CC0105E14AF000BF55D /* vehicle-theft.png */,
				C8B54851105C7B0F000BF55D /* address.jpg */,
				C8B54852105C7B0F000BF55D /* blank.jpg */,
				C8B54853105C7B0F000BF55D /* home.jpg */,
			);
			name = Images;
			sourceTree = "<group>";
		};
/* End PBXGroup section */

/* Begin PBXNativeTarget section */
		1D6058900D05DD3D006BFB54 /* sfinfo */ = {
			isa = PBXNativeTarget;
			buildConfigurationList = 1D6058960D05DD3E006BFB54 /* Build configuration list for PBXNativeTarget "sfinfo" */;
			buildPhases = (
				1D60588E0D05DD3D006BFB54 /* Sources */,
				1D60588D0D05DD3D006BFB54 /* Resources */,
				1D60588F0D05DD3D006BFB54 /* Frameworks */,
			);
			buildRules = (
			);
			dependencies = (
			);
			name = sfinfo;
			productName = sfinfo;
			productReference = 1D6058910D05DD3D006BFB54 /* sfinfo.app */;
			productType = "com.apple.product-type.application";
		};
/* End PBXNativeTarget section */

/* Begin PBXProject section */
		29B97313FDCFA39411CA2CEA /* Project object */ = {
			isa = PBXProject;
			buildConfigurationList = C01FCF4E08A954540054247B /* Build configuration list for PBXProject "sfinfo" */;
			compatibilityVersion = "Xcode 3.1";
			hasScannedForEncodings = 1;
			mainGroup = 29B97314FDCFA39411CA2CEA /* CustomTemplate */;
			projectDirPath = "";
			projectRoot = "";
			targets = (
				1D6058900D05DD3D006BFB54 /* sfinfo */,
			);
		};
/* End PBXProject section */

/* Begin PBXResourcesBuildPhase section */
		1D60588D0D05DD3D006BFB54 /* Resources */ = {
			isa = PBXResourcesBuildPhase;
			buildActionMask = 2147483647;
			files = (
				28AD733F0D9D9553002E5188 /* MainWindow.xib in Resources */,
				2899E5220DE3E06400AC0155 /* InfoMapViewController.xib in Resources */,
				C83D20D6104B3D6C0048B36B /* InfoLocationDetailViewController.xib in Resources */,
				C83D221D104B4F830048B36B /* filefolder.png in Resources */,
				C83D2232104B522B0048B36B /* MainMenuViewController.xib in Resources */,
				C83D22B6104B57870048B36B /* FindMeViewController.xib in Resources */,
				C83D254C104B92BE0048B36B /* MapFilterViewController.xib in Resources */,
				C806022D104E4A43006AA19D /* AugmentedRealityViewController.xib in Resources */,
				C8B54854105C7B0F000BF55D /* address.jpg in Resources */,
				C8B54855105C7B0F000BF55D /* blank.jpg in Resources */,
				C8B54856105C7B0F000BF55D /* home.jpg in Resources */,
				C8B5485B105C7B40000BF55D /* EnterAddressViewController.xib in Resources */,
				C8B54CC1105E14AF000BF55D /* vehicle-theft.png in Resources */,
				C8B54D60105E1ED8000BF55D /* drug.png in Resources */,
				C8B54DBC105E2355000BF55D /* robbery.png in Resources */,
				C8B54DD8105E2669000BF55D /* assault.png in Resources */,
				C8B54DDC105E2788000BF55D /* larceny.png in Resources */,
				C8B54E06105E2C31000BF55D /* vandalism.png in Resources */,
				C8B54EC3105E3A56000BF55D /* IconPlayground.xib in Resources */,
				C8B54EC6105E3A81000BF55D /* map-sample.png in Resources */,
				C8B54ED0105E3CD9000BF55D /* burglary.png in Resources */,
				C8B54EF4105E3FA5000BF55D /* sexoffenses.png in Resources */,
				C8B54F0D105E488F000BF55D /* center.png in Resources */,
				C8F61D4A105E7188007F3252 /* Icon.png in Resources */,
				C8682F01107994F300627B83 /* NeighborhoodPickerViewControler.xib in Resources */,
				C8682FD41079A55900627B83 /* neighborhoods.plist in Resources */,
				C868302C1079B31200627B83 /* appconfig.plist in Resources */,
				C868305A1079C21100627B83 /* InfoLocationDataSource.h in Resources */,
				C81FDA60107B060700CEDB9E /* ARCoordinateView.xib in Resources */,
				C81FDA6E107B0A1F00CEDB9E /* arbackground.png in Resources */,
				C8999B5E108062B800C4663E /* Entitlements.plist in Resources */,
			);
			runOnlyForDeploymentPostprocessing = 0;
		};
/* End PBXResourcesBuildPhase section */

/* Begin PBXSourcesBuildPhase section */
		1D60588E0D05DD3D006BFB54 /* Sources */ = {
			isa = PBXSourcesBuildPhase;
			buildActionMask = 2147483647;
			files = (
				1D60589B0D05DD56006BFB54 /* main.m in Sources */,
				1D3623260D0F684500981E51 /* sfinfoAppDelegate.m in Sources */,
				28D7ACF80DDB3853001CB0EB /* InfoMapViewController.m in Sources */,
				C85BB5D4104B1E7800341D62 /* NSObject+SBJSON.m in Sources */,
				C85BB5D5104B1E7800341D62 /* NSString+SBJSON.m in Sources */,
				C85BB5D6104B1E7800341D62 /* SBJSON.m in Sources */,
				C85BB5D7104B1E7800341D62 /* SBJsonBase.m in Sources */,
				C85BB5D8104B1E7800341D62 /* SBJsonParser.m in Sources */,
				C85BB5D9104B1E7800341D62 /* SBJsonWriter.m in Sources */,
				C83D1E86104B25490048B36B /* InfoLocation.m in Sources */,
				C83D20D5104B3D6C0048B36B /* InfoLocationDetailViewController.m in Sources */,
				C83D20FE104B40640048B36B /* InfoLocationAnnotationView.m in Sources */,
				C83D2231104B522B0048B36B /* MainMenuViewController.m in Sources */,
				C83D22B5104B57870048B36B /* FindMeViewController.m in Sources */,
				C83D254B104B92BE0048B36B /* MapFilterViewController.m in Sources */,
				C80601B0104E45FB006AA19D /* ARCoordinate.m in Sources */,
				C80601B1104E45FB006AA19D /* ARViewController.m in Sources */,
				C80601B2104E45FB006AA19D /* ARGeoCoordinate.m in Sources */,
				C80601B3104E45FB006AA19D /* ARGeoViewController.m in Sources */,
				C80601B6104E4609006AA19D /* AugmentedRealityViewController.m in Sources */,
				C8B5485A105C7B40000BF55D /* EnterAddressViewController.m in Sources */,
				C8B549DA105C88A0000BF55D /* NSObject+NetworkJSON.m in Sources */,
				C8B55033105E5966000BF55D /* UIViewController+SanFrancisco.m in Sources */,
				C8682F00107994F300627B83 /* NeighborhoodPickerViewControler.m in Sources */,
				C86830581079C15300627B83 /* ByCoordinateDataSource.m in Sources */,
				C86831B91079D68900627B83 /* ByNeighborhoodDataSource.m in Sources */,
				C86832101079DCC600627B83 /* Neighborhood.m in Sources */,
				C86834A0107A687800627B83 /* BaseDataSource.m in Sources */,
				C81FDA83107B0BB800CEDB9E /* ARCoordinateView.m in Sources */,
			);
			runOnlyForDeploymentPostprocessing = 0;
		};
/* End PBXSourcesBuildPhase section */

/* Begin XCBuildConfiguration section */
		1D6058940D05DD3E006BFB54 /* Debug */ = {
			isa = XCBuildConfiguration;
			buildSettings = {
				ALWAYS_SEARCH_USER_PATHS = NO;
				COPY_PHASE_STRIP = NO;
				GCC_DYNAMIC_NO_PIC = NO;
				GCC_OPTIMIZATION_LEVEL = 0;
				GCC_PRECOMPILE_PREFIX_HEADER = YES;
				GCC_PREFIX_HEADER = sfinfo_Prefix.pch;
				INFOPLIST_FILE = "sfinfo-Info.plist";
				PRODUCT_NAME = sfinfo;
			};
			name = Debug;
		};
		1D6058950D05DD3E006BFB54 /* Release */ = {
			isa = XCBuildConfiguration;
			buildSettings = {
				ALWAYS_SEARCH_USER_PATHS = NO;
				COPY_PHASE_STRIP = YES;
				GCC_PRECOMPILE_PREFIX_HEADER = YES;
				GCC_PREFIX_HEADER = sfinfo_Prefix.pch;
				INFOPLIST_FILE = "sfinfo-Info.plist";
				PRODUCT_NAME = sfinfo;
			};
			name = Release;
		};
		C01FCF4F08A954540054247B /* Debug */ = {
			isa = XCBuildConfiguration;
			buildSettings = {
				ARCHS = "$(ARCHS_STANDARD_32_BIT)";
				"CODE_SIGN_IDENTITY[sdk=iphoneos*]" = "iPhone Developer";
				GCC_C_LANGUAGE_STANDARD = c99;
				GCC_WARN_ABOUT_RETURN_TYPE = YES;
				GCC_WARN_UNUSED_VARIABLE = YES;
				PREBINDING = NO;
				SDKROOT = iphoneos3.1;
			};
			name = Debug;
		};
		C01FCF5008A954540054247B /* Release */ = {
			isa = XCBuildConfiguration;
			buildSettings = {
				ARCHS = "$(ARCHS_STANDARD_32_BIT)";
				"CODE_SIGN_IDENTITY[sdk=iphoneos*]" = "iPhone Developer";
				GCC_C_LANGUAGE_STANDARD = c99;
				GCC_WARN_ABOUT_RETURN_TYPE = YES;
				GCC_WARN_UNUSED_VARIABLE = YES;
				PREBINDING = NO;
				SDKROOT = iphoneos3.1;
			};
			name = Release;
		};
		C8999B401080624100C4663E /* Distribution */ = {
			isa = XCBuildConfiguration;
			buildSettings = {
				ARCHS = "$(ARCHS_STANDARD_32_BIT)";
				"CODE_SIGN_IDENTITY[sdk=iphoneos*]" = "iPhone Developer";
				GCC_C_LANGUAGE_STANDARD = c99;
				GCC_WARN_ABOUT_RETURN_TYPE = YES;
				GCC_WARN_UNUSED_VARIABLE = YES;
				PREBINDING = NO;
				SDKROOT = iphoneos3.1;
			};
			name = Distribution;
		};
		C8999B411080624100C4663E /* Distribution */ = {
			isa = XCBuildConfiguration;
			buildSettings = {
				ALWAYS_SEARCH_USER_PATHS = NO;
				CODE_SIGN_ENTITLEMENTS = Entitlements.plist;
				"CODE_SIGN_IDENTITY[sdk=iphoneos*]" = "iPhone Distribution: Mike Krieger";
				COPY_PHASE_STRIP = YES;
				GCC_PRECOMPILE_PREFIX_HEADER = YES;
				GCC_PREFIX_HEADER = sfinfo_Prefix.pch;
				INFOPLIST_FILE = "sfinfo-Info.plist";
				PRODUCT_NAME = sfinfo;
				"PROVISIONING_PROFILE[sdk=iphoneos*]" = "B9D857D9-5DFB-4825-9BEF-4767DF90DE2A";
			};
			name = Distribution;
		};
/* End XCBuildConfiguration section */

/* Begin XCConfigurationList section */
		1D6058960D05DD3E006BFB54 /* Build configuration list for PBXNativeTarget "sfinfo" */ = {
			isa = XCConfigurationList;
			buildConfigurations = (
				1D6058940D05DD3E006BFB54 /* Debug */,
				1D6058950D05DD3E006BFB54 /* Release */,
				C8999B411080624100C4663E /* Distribution */,
			);
			defaultConfigurationIsVisible = 0;
			defaultConfigurationName = Release;
		};
		C01FCF4E08A954540054247B /* Build configuration list for PBXProject "sfinfo" */ = {
			isa = XCConfigurationList;
			buildConfigurations = (
				C01FCF4F08A954540054247B /* Debug */,
				C01FCF5008A954540054247B /* Release */,
				C8999B401080624100C4663E /* Distribution */,
			);
			defaultConfigurationIsVisible = 0;
			defaultConfigurationName = Release;
		};
/* End XCConfigurationList section */
	};
	rootObject = 29B97313FDCFA39411CA2CEA /* Project object */;
}
